
Microsoft Visual Studio Solution File, Format Version 12.00
# Visual Studio 15
VisualStudioVersion = 15.0.28307.1758
MinimumVisualStudioVersion = 10.0.40219.1
Project("{FAE04EC0-301F-11D3-BF4B-00C04F79EFBC}") = "OpenWar2", "OpenWar2\OpenWar2.csproj", "{63CA8095-40A8-4DDF-8672-66D19AA05208}"
EndProject
Project("{FAE04EC0-301F-11D3-BF4B-00C04F79EFBC}") = "Engine", "Engine\Engine.csproj", "{E85FA777-A0EA-4346-B7CF-459A74FA568D}"
EndProject
Global
	GlobalSection(SolutionConfigurationPlatforms) = preSolution
		Debug|Any CPU = Debug|Any CPU
		Debug|x86 = Debug|x86
		Release|Any CPU = Release|Any CPU
		Release|x86 = Release|x86
	EndGlobalSection
	GlobalSection(ProjectConfigurationPlatforms) = postSolution
		{63CA8095-40A8-4DDF-8672-66D19AA05208}.Debug|Any CPU.ActiveCfg = Debug|x86
		{63CA8095-40A8-4DDF-8672-66D19AA05208}.Debug|x86.ActiveCfg = Debug|x86
		{63CA8095-40A8-4DDF-8672-66D19AA05208}.Debug|x86.Build.0 = Debug|x86
		{63CA8095-40A8-4DDF-8672-66D19AA05208}.Release|Any CPU.ActiveCfg = Release|x86
		{63CA8095-40A8-4DDF-8672-66D19AA05208}.Release|x86.ActiveCfg = Release|x86
		{63CA8095-40A8-4DDF-8672-66D19AA05208}.Release|x86.Build.0 = Release|x86
		{E85FA777-A0EA-4346-B7CF-459A74FA568D}.Debug|Any CPU.ActiveCfg = Debug|Any CPU
		{E85FA777-A0EA-4346-B7CF-459A74FA568D}.Debug|Any CPU.Build.0 = Debug|Any CPU
		{E85FA777-A0EA-4346-B7CF-459A74FA568D}.Debug|x86.ActiveCfg = Debug|Any CPU
		{E85FA777-A0EA-4346-B7CF-459A74FA568D}.Debug|x86.Build.0 = Debug|Any CPU
		{E85FA777-A0EA-4346-B7CF-459A74FA568D}.Release|Any CPU.ActiveCfg = Release|Any CPU
		{E85FA777-A0EA-4346-B7CF-459A74FA568D}.Release|Any CPU.Build.0 = Release|Any CPU
		{E85FA777-A0EA-4346-B7CF-459A74FA568D}.Release|x86.ActiveCfg = Release|Any CPU
		{E85FA777-A0EA-4346-B7CF-459A74FA568D}.Release|x86.Build.0 = Release|Any CPU
	EndGlobalSection
	GlobalSection(SolutionProperties) = preSolution
		HideSolutionNode = FALSE
	EndGlobalSection
	GlobalSection(ExtensibilityGlobals) = postSolution
		SolutionGuid = {4A493A87-ACDB-49B9-8E2B-00D06C57BA35}
	EndGlobalSection
EndGlobal
